
Microsoft Visual Studio Solution File, Format Version 12.00
# Visual Studio Version 16
VisualStudioVersion = 16.0.30621.155
MinimumVisualStudioVersion = 10.0.40219.1
Project("{FAE04EC0-301F-11D3-BF4B-00C04F79EFBC}") = "identityframework", "identityframework.csproj", "{056B4C80-0AEA-4533-B821-098A8645622B}"
EndProject
Global
	GlobalSection(SolutionConfigurationPlatforms) = preSolution
		Debug|Any CPU = Debug|Any CPU
		Release|Any CPU = Release|Any CPU
	EndGlobalSection
	GlobalSection(ProjectConfigurationPlatforms) = postSolution
		{056B4C80-0AEA-4533-B821-098A8645622B}.Debug|Any CPU.ActiveCfg = Debug|Any CPU
		{056B4C80-0AEA-4533-B821-098A8645622B}.Debug|Any CPU.Build.0 = Debug|Any CPU
		{056B4C80-0AEA-4533-B821-098A8645622B}.Release|Any CPU.ActiveCfg = Release|Any CPU
		{056B4C80-0AEA-4533-B821-098A8645622B}.Release|Any CPU.Build.0 = Release|Any CPU
	EndGlobalSection
	GlobalSection(SolutionProperties) = preSolution
		HideSolutionNode = FALSE
	EndGlobalSection
	GlobalSection(ExtensibilityGlobals) = postSolution
		SolutionGuid = {4169582C-D1C3-4B55-9222-E109D622F4FE}
	EndGlobalSection
EndGlobal
